
Microsoft Visual Studio Solution File, Format Version 12.00
# Visual Studio Version 17
VisualStudioVersion = 17.13.35913.81
MinimumVisualStudioVersion = 10.0.40219.1
Project("{FAE04EC0-301F-11D3-BF4B-00C04F79EFBC}") = "Observer", "src\Observer\Observer.csproj", "{FFB9B70C-3E43-74CC-50C3-5854D75437F1}"
EndProject
Global
	GlobalSection(SolutionConfigurationPlatforms) = preSolution
		Debug|Any CPU = Debug|Any CPU
		Release|Any CPU = Release|Any CPU
	EndGlobalSection
	GlobalSection(ProjectConfigurationPlatforms) = postSolution
		{FFB9B70C-3E43-74CC-50C3-5854D75437F1}.Debug|Any CPU.ActiveCfg = Debug|Any CPU
		{FFB9B70C-3E43-74CC-50C3-5854D75437F1}.Debug|Any CPU.Build.0 = Debug|Any CPU
		{FFB9B70C-3E43-74CC-50C3-5854D75437F1}.Release|Any CPU.ActiveCfg = Release|Any CPU
		{FFB9B70C-3E43-74CC-50C3-5854D75437F1}.Release|Any CPU.Build.0 = Release|Any CPU
	EndGlobalSection
	GlobalSection(SolutionProperties) = preSolution
		HideSolutionNode = FALSE
	EndGlobalSection
	GlobalSection(ExtensibilityGlobals) = postSolution
		SolutionGuid = {097236D2-E281-44E8-A6C6-966B930E5362}
	EndGlobalSection
EndGlobal
