
Microsoft Visual Studio Solution File, Format Version 12.00
# Visual Studio Version 17
VisualStudioVersion = 17.13.35913.81
MinimumVisualStudioVersion = 10.0.40219.1
Project("{FAE04EC0-301F-11D3-BF4B-00C04F79EFBC}") = "Visitor", "src\Visitor.csproj", "{567C5623-ADC0-778A-8EAD-F5D100C966AE}"
EndProject
Global
	GlobalSection(SolutionConfigurationPlatforms) = preSolution
		Debug|Any CPU = Debug|Any CPU
		Release|Any CPU = Release|Any CPU
	EndGlobalSection
	GlobalSection(ProjectConfigurationPlatforms) = postSolution
		{567C5623-ADC0-778A-8EAD-F5D100C966AE}.Debug|Any CPU.ActiveCfg = Debug|Any CPU
		{567C5623-ADC0-778A-8EAD-F5D100C966AE}.Debug|Any CPU.Build.0 = Debug|Any CPU
		{567C5623-ADC0-778A-8EAD-F5D100C966AE}.Release|Any CPU.ActiveCfg = Release|Any CPU
		{567C5623-ADC0-778A-8EAD-F5D100C966AE}.Release|Any CPU.Build.0 = Release|Any CPU
	EndGlobalSection
	GlobalSection(SolutionProperties) = preSolution
		HideSolutionNode = FALSE
	EndGlobalSection
	GlobalSection(ExtensibilityGlobals) = postSolution
		SolutionGuid = {32FBB949-B155-4848-9626-C2A6B641C828}
	EndGlobalSection
EndGlobal
